
Microsoft Visual Studio Solution File, Format Version 12.00
# Visual Studio Version 16
VisualStudioVersion = 16.0.29521.150
MinimumVisualStudioVersion = 10.0.40219.1
Project("{FAE04EC0-301F-11D3-BF4B-00C04F79EFBC}") = "WebJob", "WebJob\WebJob.csproj", "{F16D62C1-C62E-42D2-81EC-17900BA90779}"
EndProject
Global
	GlobalSection(SolutionConfigurationPlatforms) = preSolution
		Debug|Any CPU = Debug|Any CPU
		Release|Any CPU = Release|Any CPU
	EndGlobalSection
	GlobalSection(ProjectConfigurationPlatforms) = postSolution
		{F16D62C1-C62E-42D2-81EC-17900BA90779}.Debug|Any CPU.ActiveCfg = Debug|Any CPU
		{F16D62C1-C62E-42D2-81EC-17900BA90779}.Debug|Any CPU.Build.0 = Debug|Any CPU
		{F16D62C1-C62E-42D2-81EC-17900BA90779}.Release|Any CPU.ActiveCfg = Release|Any CPU
		{F16D62C1-C62E-42D2-81EC-17900BA90779}.Release|Any CPU.Build.0 = Release|Any CPU
	EndGlobalSection
	GlobalSection(SolutionProperties) = preSolution
		HideSolutionNode = FALSE
	EndGlobalSection
	GlobalSection(ExtensibilityGlobals) = postSolution
		SolutionGuid = {DCD91E1B-F081-403D-BDB5-74CC88F17BE2}
	EndGlobalSection
EndGlobal
